
Microsoft Visual Studio Solution File, Format Version 12.00
Project("{FAE04EC0-301F-11D3-BF4B-00C04F79EFBC}") = "recursive-tasks", "recursive-tasks\recursive-tasks.csproj", "{333A71F6-A937-4408-80DF-FC0D5B77A30A}"
EndProject
Global
	GlobalSection(SolutionConfigurationPlatforms) = preSolution
		Debug|Any CPU = Debug|Any CPU
		Release|Any CPU = Release|Any CPU
	EndGlobalSection
	GlobalSection(ProjectConfigurationPlatforms) = postSolution
		{333A71F6-A937-4408-80DF-FC0D5B77A30A}.Debug|Any CPU.ActiveCfg = Debug|Any CPU
		{333A71F6-A937-4408-80DF-FC0D5B77A30A}.Debug|Any CPU.Build.0 = Debug|Any CPU
		{333A71F6-A937-4408-80DF-FC0D5B77A30A}.Release|Any CPU.ActiveCfg = Release|Any CPU
		{333A71F6-A937-4408-80DF-FC0D5B77A30A}.Release|Any CPU.Build.0 = Release|Any CPU
	EndGlobalSection
EndGlobal
